
Microsoft Visual Studio Solution File, Format Version 12.00
# Visual Studio 14
VisualStudioVersion = 14.0.25420.1
MinimumVisualStudioVersion = 10.0.40219.1
Project("{FAE04EC0-301F-11D3-BF4B-00C04F79EFBC}") = "SplittingTheBill", "SplittingTheBill\SplittingTheBill.csproj", "{3F039055-411D-401A-A9F1-F8B412E8B042}"
EndProject
Project("{FAE04EC0-301F-11D3-BF4B-00C04F79EFBC}") = "SplittingTheBillUnitTests", "SplittingTheBillUnitTests\SplittingTheBillUnitTests.csproj", "{50005B77-B048-469D-B576-9E94351C4525}"
EndProject
Global
	GlobalSection(SolutionConfigurationPlatforms) = preSolution
		Debug|Any CPU = Debug|Any CPU
		Release|Any CPU = Release|Any CPU
	EndGlobalSection
	GlobalSection(ProjectConfigurationPlatforms) = postSolution
		{3F039055-411D-401A-A9F1-F8B412E8B042}.Debug|Any CPU.ActiveCfg = Debug|Any CPU
		{3F039055-411D-401A-A9F1-F8B412E8B042}.Debug|Any CPU.Build.0 = Debug|Any CPU
		{3F039055-411D-401A-A9F1-F8B412E8B042}.Release|Any CPU.ActiveCfg = Release|Any CPU
		{3F039055-411D-401A-A9F1-F8B412E8B042}.Release|Any CPU.Build.0 = Release|Any CPU
		{50005B77-B048-469D-B576-9E94351C4525}.Debug|Any CPU.ActiveCfg = Debug|Any CPU
		{50005B77-B048-469D-B576-9E94351C4525}.Debug|Any CPU.Build.0 = Debug|Any CPU
		{50005B77-B048-469D-B576-9E94351C4525}.Release|Any CPU.ActiveCfg = Release|Any CPU
		{50005B77-B048-469D-B576-9E94351C4525}.Release|Any CPU.Build.0 = Release|Any CPU
	EndGlobalSection
	GlobalSection(SolutionProperties) = preSolution
		HideSolutionNode = FALSE
	EndGlobalSection
EndGlobal
